lockfileVersion: '9.0'

settings:
  autoInstallPeers: true
  excludeLinksFromLockfile: false

importers:

  .:
    dependencies:
      next:
        specifier: canary
        version: 16.3.1-canary.24(react-dom@19.2.0(react@19.2.0))(react@19.2.0)
      react:
        specifier: 19.2.0
        version: 19.2.0
      react-dom:
        specifier: 19.2.0
        version: 19.2.0(react@19.2.0)
      sass-embedded:
        specifier: 1.83.0
        version: 1.83.0

packages:

  '@bufbuild/protobuf@2.14.0':
    resolution: {integrity: sha512-C3UGsiCwSprE2NKIIFA3hCDlpXTMCAXRZuEVp88L1GY36Y41+rYL5fryE+nOFhp4p4JPQvdV8PQ4DWgHgeTE+w==}

  '@emnapi/runtime@1.11.3':
    resolution: {integrity: sha512-Xz4Tpyki7XyrpbUK1jR1AhdAdaXyhhY4lZ3neLodmhpuWfy2PAQN5B46sAiU4liOXGLkHypn/qU+jvfWSCYYLA==}

  '@img/colour@1.1.0':
    resolution: {integrity: sha512-Td76q7j57o/tLVdgS746cYARfSyxk8iEfRxewL9h4OMzYhbW4TAcppl0mT4eyqXddh6L/jwoM75mo7ixa/pCeQ==}
    engines: {node: '>=18'}

  '@img/sharp-darwin-arm64@0.35.3':
    resolution: {integrity: sha512-RMnFX7YQsMoh7lWfcM4NEHHymBX/rLuKNPVM84XE9ONPcaSCDgE7CHIHpSgPcO2xcRthgBy1HfNO319mwhIAkg==}
    engines: {node: '>=20.9.0'}
    cpu: [arm64]
    os: [darwin]

  '@img/sharp-darwin-x64@0.35.3':
    resolution: {integrity: sha512-Xo+5uFBtLN0BKqieTxiFzFPQAUlBbbH5iBKyRX/z1JrbnYsHTfKJnUfL8+p2TPXr1pXqao4eeL4Rl144uDpK9w==}
    engines: {node: '>=20.9.0'}
    cpu: [x64]
    os: [darwin]

  '@img/sharp-freebsd-wasm32@0.35.3':
    resolution: {integrity: sha512-lUxcqWIj2wMQ9BrwNjngcr1gWUr5xgaGThBRqPPalIC2n67Cqj1uPh8NnA/ZhAg8hUbKl+kVHKwgUIwe6ZYPrg==}
    engines: {node: '>=20.9.0'}
    os: [freebsd]

  '@img/sharp-libvips-darwin-arm64@1.3.2':
    resolution: {integrity: sha512-9J6ypZFpQBj4YnePGoq/S38w6nz+vqg5WZLrLGY4YuSemdMq47GMLBPO42MzwdGwpg/agZ7xzZcFHa48xlywfg==}
    cpu: [arm64]
    os: [darwin]

  '@img/sharp-libvips-darwin-x64@1.3.2':
    resolution: {integrity: sha512-m2pW1n6cns9VaubNwsZ+c3CRYjxNQWgJ5gPlnL1nbBcpkBvFm6SCFN5o0psFHI8w9n11NKhFkeEDns98tiqbEw==}
    cpu: [x64]
    os: [darwin]

  '@img/sharp-libvips-linux-arm64@1.3.2':
    resolution: {integrity: sha512-dqVSFynCox4C/J8kT16V7SIFAns0IjgLwkvYT7p8LQVmJ5OS5b6tI9IGflxTeuBS//zXeFIUbwt5dwxyZ17cnA==}
    cpu: [arm64]
    os: [linux]
    libc: [glibc]

  '@img/sharp-libvips-linux-arm@1.3.2':
    resolution: {integrity: sha512-1eMLzy92I4J6rmi4mAT8yC3HxOtniyGELlzGbNMLLeqe052ahFQ0h6LFq+lh5DsDIdYViIDst08abvSbcEdLXQ==}
    cpu: [arm]
    os: [linux]
    libc: [glibc]

  '@img/sharp-libvips-linux-ppc64@1.3.2':
    resolution: {integrity: sha512-3z0NHDxD6n5I9gc05U1eW1AyRm+Gznzq3naMrthPNqE6oYykcogW0l/jfpJdjYnuNl8R7yI9pNbE1XiUeyq0Aw==}
    cpu: [ppc64]
    os: [linux]
    libc: [glibc]

  '@img/sharp-libvips-linux-riscv64@1.3.2':
    resolution: {integrity: sha512-bsb4rI+NldGOsXuej2r8OdSS8+zXDVaCWxyWrcv6kneTOlgAHtZABRzBBCwdsPiD90J4myNJuHpg6kA20ImW/w==}
    cpu: [riscv64]
    os: [linux]
    libc: [glibc]

  '@img/sharp-libvips-linux-s390x@1.3.2':
    resolution: {integrity: sha512-/ABshyj8gCpyIrNXnHn4LorDJ0HHm1VhXPBlxZ8zAtfVPAaSafXPGn+sUSIRiwaSBy0mmFjSjiXI5mkcwdChKQ==}
    cpu: [s390x]
    os: [linux]
    libc: [glibc]

  '@img/sharp-libvips-linux-x64@1.3.2':
    resolution: {integrity: sha512-ITPEtgffGJ0S6G9dRyw/366tJQqFRcHWPHhC+Stpg3Z8AEMrDrTr2lhdz4f/Y/HMbRh//7Z5mBzEpVdi62Oc3w==}
    cpu: [x64]
    os: [linux]
    libc: [glibc]

  '@img/sharp-libvips-linuxmusl-arm64@1.3.2':
    resolution: {integrity: sha512-zE9EdiUzUmg5mDT5a1rk5fYJ6GWPloTwWBYDS14naqHsL+EaMpDj1AWnpLgh3u0YCORv2Tt50wrcrpYqkP97Kw==}
    cpu: [arm64]
    os: [linux]
    libc: [musl]

  '@img/sharp-libvips-linuxmusl-x64@1.3.2':
    resolution: {integrity: sha512-m0lrLiUt+lBYnCFr8qV/65yMR4E/c7/wf78I5eKTdkEakFAlZ9QlzEM3QIhhAwVeUhLAHLcCq7a7Vszq/oFNZQ==}
    cpu: [x64]
    os: [linux]
    libc: [musl]

  '@img/sharp-linux-arm64@0.35.3':
    resolution: {integrity: sha512-QgKDspHPnrU+GQ55XPhGwyhC8acLVOOSyAvo1oVfFmrIXLkDNmGWzAfDZ4xK8oSA1qBQrALcHX0G5UZni/SuFQ==}
    engines: {node: '>=20.9.0'}
    cpu: [arm64]
    os: [linux]
    libc: [glibc]

  '@img/sharp-linux-arm@0.35.3':
    resolution: {integrity: sha512-affVWCTLooy8TSxbDx2qkzuDeaWLNVBA+P//FNBirHsXpP2fuBhk5AuboYUnrDnzoXes8GFjpTx0SBFOCRg+FA==}
    engines: {node: '>=20.9.0'}
    cpu: [arm]
    os: [linux]
    libc: [glibc]

  '@img/sharp-linux-ppc64@0.35.3':
    resolution: {integrity: sha512-sMd8rDxmpLOwv/7N44klFjOD5DUO7FLdjiXDI0hoxYaf7Ar262dQIEkosE98bps+5HPLtp/EvNqeqQtOycP/IA==}
    engines: {node: '>=20.9.0'}
    cpu: [ppc64]
    os: [linux]
    libc: [glibc]

  '@img/sharp-linux-riscv64@0.35.3':
    resolution: {integrity: sha512-0Eob78yjlYPfL5vMNWAW55l3R9Y6BQS/gOfe0ZcP9mEz9ohhKSt4im1hayiknXgf8AWrFqMvJcKIdmLmEe7yeQ==}
    engines: {node: '>=20.9.0'}
    cpu: [riscv64]
    os: [linux]
    libc: [glibc]

  '@img/sharp-linux-s390x@0.35.3':
    resolution: {integrity: sha512-KgAxQ0DxpNOq1rG2t5cgTgShJFGSuU7XO45cqC+1NVOuZnP6tlgZRuSYOfNupGkHID0o3cJOsw4DVeJpMovcGw==}
    engines: {node: '>=20.9.0'}
    cpu: [s390x]
    os: [linux]
    libc: [glibc]

  '@img/sharp-linux-x64@0.35.3':
    resolution: {integrity: sha512-8pqvxubL2PGdhlPy6GLqzDYMUjyRmKAwKHYKixpdJYBUK7PJ0C029XdsnpFIdgRZG68fZiGdHVWcKPvtiPB4cA==}
    engines: {node: '>=20.9.0'}
    cpu: [x64]
    os: [linux]
    libc: [glibc]

  '@img/sharp-linuxmusl-arm64@0.35.3':
    resolution: {integrity: sha512-Vz0iQjzzcSX3HCbfwFfCSG/9SCIqyO0mH2sXyiHaAYfBk0cRsCWXRyQYX0ovCK/PAQBbTzQ0dsPQHh5MAFL59w==}
    engines: {node: '>=20.9.0'}
    cpu: [arm64]
    os: [linux]
    libc: [musl]

  '@img/sharp-linuxmusl-x64@0.35.3':
    resolution: {integrity: sha512-6O1NPKcDVj9QEdg7Hx549EX8U0rp6yXQERqru6yRN7fGBn32UvIRJUlWnk+8xDCiG76hXVBbX82NZ/ZKr0euIg==}
    engines: {node: '>=20.9.0'}
    cpu: [x64]
    os: [linux]
    libc: [musl]

  '@img/sharp-wasm32@0.35.3':
    resolution: {integrity: sha512-cZ0XkcYGpHZkqW6iCkqTcmUC0CD9DhD5d/qeZlZkfRBn6GnHniZXLUo5+9xw8Iv76YE6LQFN9YNBlKREcCG76w==}
    engines: {node: '>=20.9.0'}

  '@img/sharp-webcontainers-wasm32@0.35.3':
    resolution: {integrity: sha512-2rnq7bX3NzeR2T4YWgz8qiG4h3TSdMe+vN1iQXpJleSJ3SM5zQ8Fy2SyyXAWlbxpEZ2Y+Z4u1BePgJEYbSy80Q==}
    engines: {node: '>=20.9.0'}
    cpu: [wasm32]

  '@img/sharp-win32-arm64@0.35.3':
    resolution: {integrity: sha512-4bPwFdMbeC4JQ8L8LOyWp6nsHcboP5fxkp6iPOXz2Vg49R42TuMs2whkJ5OAP4/Ul035qOzy0AecOF9VOscn4w==}
    engines: {node: '>=20.9.0'}
    cpu: [arm64]
    os: [win32]

  '@img/sharp-win32-ia32@0.35.3':
    resolution: {integrity: sha512-r53mXsBN6lFUDiST764SvgwUdHAqM4rPAiDzAmf4fLoB6X/rkfyTrLCg6+g17wJJiCmB3JYgHuUldCWUIRFSXw==}
    engines: {node: ^20.9.0}
    cpu: [ia32]
    os: [win32]

  '@img/sharp-win32-x64@0.35.3':
    resolution: {integrity: sha512-D4y1vNeZrIIJCN+uHaWVtH86B+aCrdMYYjicy9pXHvbGZeGYLLSd3wdVuC37FxVXlU1ARsk84eKWfWMXGYEqvA==}
    engines: {node: '>=20.9.0'}
    cpu: [x64]
    os: [win32]

  '@next/env@16.3.1-canary.24':
    resolution: {integrity: sha512-Ynz3aV7jzQflhX4CFr8iglzF3Vs4IgKzdsXo2nPjmRVU+M3tg9+EFEKahYLa5UDXsnyivv9dcCifqj3Mj33fag==}

  '@next/swc-darwin-arm64@16.3.1-canary.24':
    resolution: {integrity: sha512-O/QmRSCJEW2nqHVRWcMtvaxApCvas8j0CuXNpm2qwnVYPB/iRI5GQqCTdV0slex5oHDrjPhLuDV8dSbh2akInQ==}
    engines: {node: '>= 10'}
    cpu: [arm64]
    os: [darwin]

  '@next/swc-darwin-x64@16.3.1-canary.24':
    resolution: {integrity: sha512-HGxAx111f9QtEG7r/kZwRGLLKdQoqiOZ3x2jlfUyHM2Ub2YYWzYDcM65lL1haCZJynLCpKfcKoT2Y5dGCseyRw==}
    engines: {node: '>= 10'}
    cpu: [x64]
    os: [darwin]

  '@next/swc-linux-arm64-gnu@16.3.1-canary.24':
    resolution: {integrity: sha512-ru/AXQaPaZATrlnU8PBP9tpNRV4BjgGe2M0FaHHR02LX4gHaMmh0h+yKQIT0HtOUwcFI2bxcihbIy74R/7oUDA==}
    engines: {node: '>= 10'}
    cpu: [arm64]
    os: [linux]
    libc: [glibc]

  '@next/swc-linux-arm64-musl@16.3.1-canary.24':
    resolution: {integrity: sha512-lk0zdpw6Js5NVNfb9ukgTbJjxkWvUZBhhPQtJV4jBKvjJNhdgioTpcHWkf3Pim/w7j61Fy4giLkeVvdKaOpD6A==}
    engines: {node: '>= 10'}
    cpu: [arm64]
    os: [linux]
    libc: [musl]

  '@next/swc-linux-x64-gnu@16.3.1-canary.24':
    resolution: {integrity: sha512-KW38H/x+ro2a+AnUlOPpWx/ND8fU3LbO3b8m01WDJikUoLp8BZXC9lQzgQ546MLKeCKAL1yVteYg7AIYYblyuw==}
    engines: {node: '>= 10'}
    cpu: [x64]
    os: [linux]
    libc: [glibc]

  '@next/swc-linux-x64-musl@16.3.1-canary.24':
    resolution: {integrity: sha512-jbb9Dzte0fRO+7vmjObUEyK4DpDmt6N0YThaNqhqUoTe8yR9TKzbwpKmatHxZ4e0ossqXZtOn3tpEITj7M8zDw==}
    engines: {node: '>= 10'}
    cpu: [x64]
    os: [linux]
    libc: [musl]

  '@next/swc-win32-arm64-msvc@16.3.1-canary.24':
    resolution: {integrity: sha512-gfZDUFvcLYZmNP6mgOHwGS557xshyG8+kP52oMzVJ9Pbd0UxAvZPpEdYrdJdRxlOWi3undhBVAZrElEfHoXKig==}
    engines: {node: '>= 10'}
    cpu: [arm64]
    os: [win32]

  '@next/swc-win32-x64-msvc@16.3.1-canary.24':
    resolution: {integrity: sha512-7xPYKsiPrbDdLolqbWQcOf+nbVliurAWqfq+QO3UXk1+7moc9xtA/ao5vQfzTSN8ShM1c4qG+dJn+xNanh4XKw==}
    engines: {node: '>= 10'}
    cpu: [x64]
    os: [win32]

  '@swc/helpers@0.5.23':
    resolution: {integrity: sha512-5lSsMOTXURePglDfvuAQUqkGek9Hg2kksOYay2m0+XR++b2NWYL/4sWyuvVBIs8oKnJaxkdi9whaL/sqN13afw==}

  baseline-browser-mapping@2.11.15:
    resolution: {integrity: sha512-FwMjJJ7HnyZpWe+oWxegG0fezZyBZUagI5LZEoO3GCbtbKNwRfMH9Ue5d5v01PNePBy1QSfPSDTTeVL0Hb9EzA==}
    engines: {node: '>=6.0.0'}
    hasBin: true

  buffer-builder@0.2.0:
    resolution: {integrity: sha512-7VPMEPuYznPSoR21NE1zvd2Xna6c/CloiZCfcMXR1Jny6PjX0N4Nsa38zcBFo/FMK+BlA+FLKbJCQ0i2yxp+Xg==}

  caniuse-lite@1.0.30001809:
    resolution: {integrity: sha512-xxWVywk6a6Arlk+hymeycyn/VgqEfLDxupvhH/xiY5SJ/18kmi9o6MiO320DCUzypORHLtvh0I4i04tUhCNHNQ==}

  client-only@0.0.1:
    resolution: {integrity: sha512-IV3Ou0jSMzZrd3pZ48nLkT9DA7Ag1pnPzaiQhpW7c3RbcqqzvzzVu+L8gfqMp/8IM2MQtSiqaCxrrcfu8I8rMA==}

  colorjs.io@0.5.2:
    resolution: {integrity: sha512-twmVoizEW7ylZSN32OgKdXRmo1qg+wT5/6C3xu5b9QsWzSFAhHLn2xd8ro0diCsKfCj1RdaTP/nrcW+vAoQPIw==}

  detect-libc@2.1.2:
    resolution: {integrity: sha512-Btj2BOOO83o3WyH59e8MgXsxEQVcarkUOpEYrubB0urwnN10yQ364rsiByU11nZlqWYZm05i/of7io4mzihBtQ==}
    engines: {node: '>=8'}

  has-flag@4.0.0:
    resolution: {integrity: sha512-EykJT/Q1KjTWctppgIAgfSO0tKVuZUjhgMr17kqTumMl6Afv3EISleU7qZUzoXDFTAHTDC4NOoG/ZxU3EvlMPQ==}
    engines: {node: '>=8'}

  immutable@5.1.9:
    resolution: {integrity: sha512-m8nVez3rwrgmWxtLMt1ZYXB2Lv7OKYn/disyxAlSDYAlKSlFoPPfIAmAM/M5xqL4m4C/wAPw7S2/CNaUii1Hxg==}

  nanoid@3.3.18:
    resolution: {integrity: sha512-DTg4MJbGMWkfi6VZFdNt2/caMbQy4Ou+Op/hJQvGEWcnVfoA1QA+xzRKAzw9jD6+GVOOeYr/mIcuDSdug6F6+w==}
    engines: {node: ^10 || ^12 || ^13.7 || ^14 || >=15.0.1}
    hasBin: true

  next@16.3.1-canary.24:
    resolution: {integrity: sha512-6DHELYALYwnjHLYZjNw11/XbUQLIUY1wskVRbGfyxtxtWury3NbPsJ5YbII0Cumv5pFBvk6/3vvpZwJJvV3zSg==}
    engines: {node: '>=20.9.0'}
    hasBin: true
    peerDependencies:
      '@opentelemetry/api': ^1.1.0
      '@playwright/test': ^1.51.1
      babel-plugin-react-compiler: '*'
      react: ^18.2.0 || 19.0.0-rc-de68d2f4-20241204 || ^19.0.0
      react-dom: ^18.2.0 || 19.0.0-rc-de68d2f4-20241204 || ^19.0.0
      sass: ^1.3.0
    peerDependenciesMeta:
      '@opentelemetry/api':
        optional: true
      '@playwright/test':
        optional: true
      babel-plugin-react-compiler:
        optional: true
      sass:
        optional: true

  picocolors@1.1.1:
    resolution: {integrity: sha512-xceH2snhtb5M9liqDsmEw56le376mTZkEX/jEb/RxNFyegNul7eNslCXP9FDj/Lcu0X8KEyMceP2ntpaHrDEVA==}

  postcss@8.5.23:
    resolution: {integrity: sha512-g50586zr4bZmwFiTlflMu8E0bDTb5I5gertgwAKmsdUlTQIhZtunzUlD1WSzwcVWPoAVpsrA6vlfCD7oXvRwgg==}
    engines: {node: ^10 || ^12 || >=14}

  react-dom@19.2.0:
    resolution: {integrity: sha512-UlbRu4cAiGaIewkPyiRGJk0imDN2T3JjieT6spoL2UeSf5od4n5LB/mQ4ejmxhCFT1tYe8IvaFulzynWovsEFQ==}
    peerDependencies:
      react: ^19.2.0

  react@19.2.0:
    resolution: {integrity: sha512-tmbWg6W31tQLeB5cdIBOicJDJRR2KzXsV7uSK9iNfLWQ5bIZfxuPEHp7M8wiHyHnn0DD1i7w3Zmin0FtkrwoCQ==}
    engines: {node: '>=0.10.0'}

  rxjs@7.8.2:
    resolution: {integrity: sha512-dhKf903U/PQZY6boNNtAGdWbG85WAbjT/1xYoZIC7FAY0yWapOBQVsVrDl58W86//e1VpMNBtRV4MaXfdMySFA==}

  sass-embedded-android-arm64@1.83.0:
    resolution: {integrity: sha512-GBiCvM4a2rkWBLdYDxI6XYnprfk5U5c81g69RC2X6kqPuzxzx8qTArQ9M6keFK4+iDQ5N9QTwFCr0KbZTn+ZNQ==}
    engines: {node: '>=14.0.0'}
    cpu: [arm64]
    os: [android]

  sass-embedded-android-arm@1.83.0:
    resolution: {integrity: sha512-uwFSXzJlfbd4Px189xE5l+cxN8+TQpXdQgJec7TIrb4HEY7imabtpYufpVdqUVwT1/uiis5V4+qIEC4Vl5XObQ==}
    engines: {node: '>=14.0.0'}
    cpu: [arm]
    os: [android]

  sass-embedded-android-ia32@1.83.0:
    resolution: {integrity: sha512-5ATPdGo2SICqAhiJl/Z8KQ23zH4sGgobGgux0TnrNtt83uHZ+r+To/ubVJ7xTkZxed+KJZnIpolGD8dQyQqoTg==}
    engines: {node: '>=14.0.0'}
    cpu: [ia32]
    os: [android]

  sass-embedded-android-riscv64@1.83.0:
    resolution: {integrity: sha512-aveknUOB8GZewOzVn2Uwk+DKcncTR50Q6vtzslNMGbYnxtgQNHzy8A1qVEviNUruex+pHofppeMK4iMPFAbiEQ==}
    engines: {node: '>=14.0.0'}
    cpu: [riscv64]
    os: [android]

  sass-embedded-android-x64@1.83.0:
    resolution: {integrity: sha512-WqIay/72ncyf9Ph4vS742J3a73wZihWmzFUwpn1OD6lme1Aj4eWzWIve5IVnlTEJgcZcDHu6ECID9IZgehJKoA==}
    engines: {node: '>=14.0.0'}
    cpu: [x64]
    os: [android]

  sass-embedded-darwin-arm64@1.83.0:
    resolution: {integrity: sha512-XQl9QqgxFFIPm/CzHhmppse5o9ocxrbaAdC2/DAnlAqvYWBBtgFqPjGoYlej13h9SzfvNoogx+y9r+Ap+e+hYg==}
    engines: {node: '>=14.0.0'}
    cpu: [arm64]
    os: [darwin]

  sass-embedded-darwin-x64@1.83.0:
    resolution: {integrity: sha512-ERQ7Tvp1kFOW3ux4VDFIxb7tkYXHYc+zJpcrbs0hzcIO5ilIRU2tIOK1OrNwrFO6Qxyf7AUuBwYKLAtIU/Nz7g==}
    engines: {node: '>=14.0.0'}
    cpu: [x64]
    os: [darwin]

  sass-embedded-linux-arm64@1.83.0:
    resolution: {integrity: sha512-syEAVTJt4qhaMLxrSwOWa46zdqHJdnqJkLUK+t9aCr8xqBZLPxSUeIGji76uOehQZ1C+KGFj6n9xstHN6wzOJw==}
    engines: {node: '>=14.0.0'}
    cpu: [arm64]
    os: [linux]

  sass-embedded-linux-arm@1.83.0:
    resolution: {integrity: sha512-baG9RYBJxUFmqwDNC9h9ZFElgJoyO3jgHGjzEZ1wHhIS9anpG+zZQvO8bHx3dBpKEImX+DBeLX+CxsFR9n81gQ==}
    engines: {node: '>=14.0.0'}
    cpu: [arm]
    os: [linux]

  sass-embedded-linux-ia32@1.83.0:
    resolution: {integrity: sha512-RRBxQxMpoxu5+XcSSc6QR/o9asEwUzR8AbCS83RaXcdTIHTa/CccQsiAoDDoPlRsMTLqnzs0LKL4CfOsf7zBbA==}
    engines: {node: '>=14.0.0'}
    cpu: [ia32]
    os: [linux]

  sass-embedded-linux-musl-arm64@1.83.0:
    resolution: {integrity: sha512-Y7juhPHClUO2H5O+u+StRy6SEAcwZ+hTEk5WJdEmo1Bb1gDtfHvJaWB/iFZJ2tW0W1e865AZeUrC4OcOFjyAQA==}
    engines: {node: '>=14.0.0'}
    cpu: [arm64]
    os: [linux]

  sass-embedded-linux-musl-arm@1.83.0:
    resolution: {integrity: sha512-Yc7u2TelCfBab+PRob9/MNJFh3EooMiz4urvhejXkihTiKSHGCv5YqDdtWzvyb9tY2Jb7YtYREVuHwfdVn3dTQ==}
    engines: {node: '>=14.0.0'}
    cpu: [arm]
    os: [linux]

  sass-embedded-linux-musl-ia32@1.83.0:
    resolution: {integrity: sha512-arQeYwGmwXV8byx5G1PtSzZWW1jbkfR5qrIHMEbTFSAvAxpqjgSvCvrHMOFd73FcMxVaYh4BX9LQNbKinkbEdg==}
    engines: {node: '>=14.0.0'}
    cpu: [ia32]
    os: [linux]

  sass-embedded-linux-musl-riscv64@1.83.0:
    resolution: {integrity: sha512-E6uzlIWz59rut+Z3XR6mLG915zNzv07ISvj3GUNZENdHM7dF8GQ//ANoIpl5PljMQKp89GnYdvo6kj2gnaBf/g==}
    engines: {node: '>=14.0.0'}
    cpu: [riscv64]
    os: [linux]

  sass-embedded-linux-musl-x64@1.83.0:
    resolution: {integrity: sha512-eAMK6tyGqvqr21r9g8BnR3fQc1rYFj85RGduSQ3xkITZ6jOAnOhuU94N5fwRS852Hpws0lXhET+7JHXgg3U18w==}
    engines: {node: '>=14.0.0'}
    cpu: [x64]
    os: [linux]

  sass-embedded-linux-riscv64@1.83.0:
    resolution: {integrity: sha512-Ojpi78pTv02sy2fUYirRGXHLY3fPnV/bvwuC2i5LwPQw2LpCcFyFTtN0c5h4LJDk9P6wr+/ZB/JXU8tHIOlK+Q==}
    engines: {node: '>=14.0.0'}
    cpu: [riscv64]
    os: [linux]

  sass-embedded-linux-x64@1.83.0:
    resolution: {integrity: sha512-3iLjlXdoPfgZRtX4odhRvka1BQs5mAXqfCtDIQBgh/o0JnGPzJIWWl9bYLpHxK8qb+uyVBxXYgXpI0sCzArBOw==}
    engines: {node: '>=14.0.0'}
    cpu: [x64]
    os: [linux]

  sass-embedded-win32-arm64@1.83.0:
    resolution: {integrity: sha512-iOHw/8/t2dlTW3lOFwG5eUbiwhEyGWawivlKWJ8lkXH7fjMpVx2VO9zCFAm8RvY9xOHJ9sf1L7g5bx3EnNP9BQ==}
    engines: {node: '>=14.0.0'}
    cpu: [arm64]
    os: [win32]

  sass-embedded-win32-ia32@1.83.0:
    resolution: {integrity: sha512-2PxNXJ8Pad4geVcTXY4rkyTr5AwbF8nfrCTDv0ulbTvPhzX2mMKEGcBZUXWn5BeHZTBc6whNMfS7d5fQXR9dDQ==}
    engines: {node: '>=14.0.0'}
    cpu: [ia32]
    os: [win32]

  sass-embedded-win32-x64@1.83.0:
    resolution: {integrity: sha512-muBXkFngM6eLTNqOV0FQi7Dv9s+YRQ42Yem26mosdan/GmJQc81deto6uDTgrYn+bzFNmiXcOdfm+0MkTWK3OQ==}
    engines: {node: '>=14.0.0'}
    cpu: [x64]
    os: [win32]

  sass-embedded@1.83.0:
    resolution: {integrity: sha512-/8cYZeL39evUqe0o//193na51Q1VWZ61qhxioQvLJwOtWIrX+PgNhCyD8RSuTtmzc4+6+waFZf899bfp/MCUwA==}
    engines: {node: '>=16.0.0'}
    hasBin: true

  scheduler@0.27.0:
    resolution: {integrity: sha512-eNv+WrVbKu1f3vbYJT/xtiF5syA5HPIMtf9IgY/nKg0sWqzAUEvqY/xm7OcZc/qafLx/iO9FgOmeSAp4v5ti/Q==}

  semver@7.8.5:
    resolution: {integrity: sha512-Y7/KDsb8LjooZpwaqGyulO6DQlksgCncchHGk+sZIY4SBvUocMBEFH5Ur1fI4dV+Jvl0w6cjvucaIi40puRioA==}
    engines: {node: '>=10'}
    hasBin: true

  sharp@0.35.3:
    resolution: {integrity: sha512-ej0zVHuZGHCiABXcNxeYhpRnPNPAcvbG8RMdBAhDAxLKkCRVSpK3Iyu7qbqw3JMzoj0REeM6f3tJLtVwl0023Q==}
    engines: {node: '>=20.9.0'}
    peerDependencies:
      '@types/node': '*'
    peerDependenciesMeta:
      '@types/node':
        optional: true

  source-map-js@1.2.1:
    resolution: {integrity: sha512-UXWMKhLOwVKb728IUtQPXxfYU+usdybtUrK/8uGE8CQMvrhOpwvzDBwj0QhSL7MQc7vIsISBG8VQ8+IDQxpfQA==}
    engines: {node: '>=0.10.0'}

  styled-jsx@5.1.6:
    resolution: {integrity: sha512-qSVyDTeMotdvQYoHWLNGwRFJHC+i+ZvdBRYosOFgC+Wg1vx4frN2/RG/NA7SYqqvKNLf39P2LSRA2pu6n0XYZA==}
    engines: {node: '>= 12.0.0'}
    peerDependencies:
      '@babel/core': '*'
      babel-plugin-macros: '*'
      react: '>= 16.8.0 || 17.x.x || ^18.0.0-0 || ^19.0.0-0'
    peerDependenciesMeta:
      '@babel/core':
        optional: true
      babel-plugin-macros:
        optional: true

  supports-color@8.1.1:
    resolution: {integrity: sha512-MpUEN2OodtUzxvKQl72cUF7RQ5EiHsGvSsVG0ia9c5RbWGL2CI4C7EpPS8UTBIplnlzZiNuV56w+FuNxy3ty2Q==}
    engines: {node: '>=10'}

  sync-child-process@1.0.2:
    resolution: {integrity: sha512-8lD+t2KrrScJ/7KXCSyfhT3/hRq78rC0wBFqNJXv3mZyn6hW2ypM05JmlSvtqRbeq6jqA94oHbxAr2vYsJ8vDA==}
    engines: {node: '>=16.0.0'}

  sync-message-port@1.2.0:
    resolution: {integrity: sha512-gAQ9qrUN/UCypHtGFbbe7Rc/f9bzO88IwrG8TDo/aMKAApKyD6E3W4Cm0EfhfBb6Z6SKt59tTCTfD+n1xmAvMg==}
    engines: {node: '>=16.0.0'}

  tslib@2.8.1:
    resolution: {integrity: sha512-oJFu94HQb+KVduSUQL7wnpmqnfmLsOA/nAh6b6EH0wCEoK0/mPeXU6c3wKDV83MkOuHPRHtSXKKU99IBazS/2w==}

  varint@6.0.0:
    resolution: {integrity: sha512-cXEIW6cfr15lFv563k4GuVuW/fiwjknytD37jIOLSdSWuOI6WnO/oKwmP2FQTU2l01LP8/M5TSAJpzUaGe3uWg==}

snapshots:

  '@bufbuild/protobuf@2.14.0': {}

  '@emnapi/runtime@1.11.3':
    dependencies:
      tslib: 2.8.1
    optional: true

  '@img/colour@1.1.0':
    optional: true

  '@img/sharp-darwin-arm64@0.35.3':
    optionalDependencies:
      '@img/sharp-libvips-darwin-arm64': 1.3.2
    optional: true

  '@img/sharp-darwin-x64@0.35.3':
    optionalDependencies:
      '@img/sharp-libvips-darwin-x64': 1.3.2
    optional: true

  '@img/sharp-freebsd-wasm32@0.35.3':
    dependencies:
      '@img/sharp-wasm32': 0.35.3
    optional: true

  '@img/sharp-libvips-darwin-arm64@1.3.2':
    optional: true

  '@img/sharp-libvips-darwin-x64@1.3.2':
    optional: true

  '@img/sharp-libvips-linux-arm64@1.3.2':
    optional: true

  '@img/sharp-libvips-linux-arm@1.3.2':
    optional: true

  '@img/sharp-libvips-linux-ppc64@1.3.2':
    optional: true

  '@img/sharp-libvips-linux-riscv64@1.3.2':
    optional: true

  '@img/sharp-libvips-linux-s390x@1.3.2':
    optional: true

  '@img/sharp-libvips-linux-x64@1.3.2':
    optional: true

  '@img/sharp-libvips-linuxmusl-arm64@1.3.2':
    optional: true

  '@img/sharp-libvips-linuxmusl-x64@1.3.2':
    optional: true

  '@img/sharp-linux-arm64@0.35.3':
    optionalDependencies:
      '@img/sharp-libvips-linux-arm64': 1.3.2
    optional: true

  '@img/sharp-linux-arm@0.35.3':
    optionalDependencies:
      '@img/sharp-libvips-linux-arm': 1.3.2
    optional: true

  '@img/sharp-linux-ppc64@0.35.3':
    optionalDependencies:
      '@img/sharp-libvips-linux-ppc64': 1.3.2
    optional: true

  '@img/sharp-linux-riscv64@0.35.3':
    optionalDependencies:
      '@img/sharp-libvips-linux-riscv64': 1.3.2
    optional: true

  '@img/sharp-linux-s390x@0.35.3':
    optionalDependencies:
      '@img/sharp-libvips-linux-s390x': 1.3.2
    optional: true

  '@img/sharp-linux-x64@0.35.3':
    optionalDependencies:
      '@img/sharp-libvips-linux-x64': 1.3.2
    optional: true

  '@img/sharp-linuxmusl-arm64@0.35.3':
    optionalDependencies:
      '@img/sharp-libvips-linuxmusl-arm64': 1.3.2
    optional: true

  '@img/sharp-linuxmusl-x64@0.35.3':
    optionalDependencies:
      '@img/sharp-libvips-linuxmusl-x64': 1.3.2
    optional: true

  '@img/sharp-wasm32@0.35.3':
    dependencies:
      '@emnapi/runtime': 1.11.3
    optional: true

  '@img/sharp-webcontainers-wasm32@0.35.3':
    dependencies:
      '@img/sharp-wasm32': 0.35.3
    optional: true

  '@img/sharp-win32-arm64@0.35.3':
    optional: true

  '@img/sharp-win32-ia32@0.35.3':
    optional: true

  '@img/sharp-win32-x64@0.35.3':
    optional: true

  '@next/env@16.3.1-canary.24': {}

  '@next/swc-darwin-arm64@16.3.1-canary.24':
    optional: true

  '@next/swc-darwin-x64@16.3.1-canary.24':
    optional: true

  '@next/swc-linux-arm64-gnu@16.3.1-canary.24':
    optional: true

  '@next/swc-linux-arm64-musl@16.3.1-canary.24':
    optional: true

  '@next/swc-linux-x64-gnu@16.3.1-canary.24':
    optional: true

  '@next/swc-linux-x64-musl@16.3.1-canary.24':
    optional: true

  '@next/swc-win32-arm64-msvc@16.3.1-canary.24':
    optional: true

  '@next/swc-win32-x64-msvc@16.3.1-canary.24':
    optional: true

  '@swc/helpers@0.5.23':
    dependencies:
      tslib: 2.8.1

  baseline-browser-mapping@2.11.15: {}

  buffer-builder@0.2.0: {}

  caniuse-lite@1.0.30001809: {}

  client-only@0.0.1: {}

  colorjs.io@0.5.2: {}

  detect-libc@2.1.2:
    optional: true

  has-flag@4.0.0: {}

  immutable@5.1.9: {}

  nanoid@3.3.18: {}

  next@16.3.1-canary.24(react-dom@19.2.0(react@19.2.0))(react@19.2.0):
    dependencies:
      '@next/env': 16.3.1-canary.24
      '@swc/helpers': 0.5.23
      baseline-browser-mapping: 2.11.15
      caniuse-lite: 1.0.30001809
      postcss: 8.5.23
      react: 19.2.0
      react-dom: 19.2.0(react@19.2.0)
      styled-jsx: 5.1.6(react@19.2.0)
    optionalDependencies:
      '@next/swc-darwin-arm64': 16.3.1-canary.24
      '@next/swc-darwin-x64': 16.3.1-canary.24
      '@next/swc-linux-arm64-gnu': 16.3.1-canary.24
      '@next/swc-linux-arm64-musl': 16.3.1-canary.24
      '@next/swc-linux-x64-gnu': 16.3.1-canary.24
      '@next/swc-linux-x64-musl': 16.3.1-canary.24
      '@next/swc-win32-arm64-msvc': 16.3.1-canary.24
      '@next/swc-win32-x64-msvc': 16.3.1-canary.24
      sharp: 0.35.3
    transitivePeerDependencies:
      - '@babel/core'
      - '@types/node'
      - babel-plugin-macros

  picocolors@1.1.1: {}

  postcss@8.5.23:
    dependencies:
      nanoid: 3.3.18
      picocolors: 1.1.1
      source-map-js: 1.2.1

  react-dom@19.2.0(react@19.2.0):
    dependencies:
      react: 19.2.0
      scheduler: 0.27.0

  react@19.2.0: {}

  rxjs@7.8.2:
    dependencies:
      tslib: 2.8.1

  sass-embedded-android-arm64@1.83.0:
    optional: true

  sass-embedded-android-arm@1.83.0:
    optional: true

  sass-embedded-android-ia32@1.83.0:
    optional: true

  sass-embedded-android-riscv64@1.83.0:
    optional: true

  sass-embedded-android-x64@1.83.0:
    optional: true

  sass-embedded-darwin-arm64@1.83.0:
    optional: true

  sass-embedded-darwin-x64@1.83.0:
    optional: true

  sass-embedded-linux-arm64@1.83.0:
    optional: true

  sass-embedded-linux-arm@1.83.0:
    optional: true

  sass-embedded-linux-ia32@1.83.0:
    optional: true

  sass-embedded-linux-musl-arm64@1.83.0:
    optional: true

  sass-embedded-linux-musl-arm@1.83.0:
    optional: true

  sass-embedded-linux-musl-ia32@1.83.0:
    optional: true

  sass-embedded-linux-musl-riscv64@1.83.0:
    optional: true

  sass-embedded-linux-musl-x64@1.83.0:
    optional: true

  sass-embedded-linux-riscv64@1.83.0:
    optional: true

  sass-embedded-linux-x64@1.83.0:
    optional: true

  sass-embedded-win32-arm64@1.83.0:
    optional: true

  sass-embedded-win32-ia32@1.83.0:
    optional: true

  sass-embedded-win32-x64@1.83.0:
    optional: true

  sass-embedded@1.83.0:
    dependencies:
      '@bufbuild/protobuf': 2.14.0
      buffer-builder: 0.2.0
      colorjs.io: 0.5.2
      immutable: 5.1.9
      rxjs: 7.8.2
      supports-color: 8.1.1
      sync-child-process: 1.0.2
      varint: 6.0.0
    optionalDependencies:
      sass-embedded-android-arm: 1.83.0
      sass-embedded-android-arm64: 1.83.0
      sass-embedded-android-ia32: 1.83.0
      sass-embedded-android-riscv64: 1.83.0
      sass-embedded-android-x64: 1.83.0
      sass-embedded-darwin-arm64: 1.83.0
      sass-embedded-darwin-x64: 1.83.0
      sass-embedded-linux-arm: 1.83.0
      sass-embedded-linux-arm64: 1.83.0
      sass-embedded-linux-ia32: 1.83.0
      sass-embedded-linux-musl-arm: 1.83.0
      sass-embedded-linux-musl-arm64: 1.83.0
      sass-embedded-linux-musl-ia32: 1.83.0
      sass-embedded-linux-musl-riscv64: 1.83.0
      sass-embedded-linux-musl-x64: 1.83.0
      sass-embedded-linux-riscv64: 1.83.0
      sass-embedded-linux-x64: 1.83.0
      sass-embedded-win32-arm64: 1.83.0
      sass-embedded-win32-ia32: 1.83.0
      sass-embedded-win32-x64: 1.83.0

  scheduler@0.27.0: {}

  semver@7.8.5:
    optional: true

  sharp@0.35.3:
    dependencies:
      '@img/colour': 1.1.0
      detect-libc: 2.1.2
      semver: 7.8.5
    optionalDependencies:
      '@img/sharp-darwin-arm64': 0.35.3
      '@img/sharp-darwin-x64': 0.35.3
      '@img/sharp-freebsd-wasm32': 0.35.3
      '@img/sharp-libvips-darwin-arm64': 1.3.2
      '@img/sharp-libvips-darwin-x64': 1.3.2
      '@img/sharp-libvips-linux-arm': 1.3.2
      '@img/sharp-libvips-linux-arm64': 1.3.2
      '@img/sharp-libvips-linux-ppc64': 1.3.2
      '@img/sharp-libvips-linux-riscv64': 1.3.2
      '@img/sharp-libvips-linux-s390x': 1.3.2
      '@img/sharp-libvips-linux-x64': 1.3.2
      '@img/sharp-libvips-linuxmusl-arm64': 1.3.2
      '@img/sharp-libvips-linuxmusl-x64': 1.3.2
      '@img/sharp-linux-arm': 0.35.3
      '@img/sharp-linux-arm64': 0.35.3
      '@img/sharp-linux-ppc64': 0.35.3
      '@img/sharp-linux-riscv64': 0.35.3
      '@img/sharp-linux-s390x': 0.35.3
      '@img/sharp-linux-x64': 0.35.3
      '@img/sharp-linuxmusl-arm64': 0.35.3
      '@img/sharp-linuxmusl-x64': 0.35.3
      '@img/sharp-webcontainers-wasm32': 0.35.3
      '@img/sharp-win32-arm64': 0.35.3
      '@img/sharp-win32-ia32': 0.35.3
      '@img/sharp-win32-x64': 0.35.3
    optional: true

  source-map-js@1.2.1: {}

  styled-jsx@5.1.6(react@19.2.0):
    dependencies:
      client-only: 0.0.1
      react: 19.2.0

  supports-color@8.1.1:
    dependencies:
      has-flag: 4.0.0

  sync-child-process@1.0.2:
    dependencies:
      sync-message-port: 1.2.0

  sync-message-port@1.2.0: {}

  tslib@2.8.1: {}

  varint@6.0.0: {}
