# This file is generated by running "yarn install" inside your project.
# Manual changes might be lost - proceed with caution!

__metadata:
  version: 8
  cacheKey: 10c0

"@emnapi/runtime@npm:^1.2.0":
  version: 1.11.3
  resolution: "@emnapi/runtime@npm:1.11.3"
  dependencies:
    tslib: "npm:^2.4.0"
  checksum: 10c0/a00f1020fefb9d4145c367f93a9fddb383a00da8ffd7871e20b19659890379b83aeecb9f84d7d0eda5456343f4a09eb05b0acb5153b0d3d889539dedb1ed87c3
  languageName: node
  linkType: hard

"@img/sharp-darwin-arm64@npm:0.33.5":
  version: 0.33.5
  resolution: "@img/sharp-darwin-arm64@npm:0.33.5"
  dependencies:
    "@img/sharp-libvips-darwin-arm64": "npm:1.0.4"
  dependenciesMeta:
    "@img/sharp-libvips-darwin-arm64":
      optional: true
  conditions: os=darwin & cpu=arm64
  languageName: node
  linkType: hard

"@img/sharp-darwin-x64@npm:0.33.5":
  version: 0.33.5
  resolution: "@img/sharp-darwin-x64@npm:0.33.5"
  dependencies:
    "@img/sharp-libvips-darwin-x64": "npm:1.0.4"
  dependenciesMeta:
    "@img/sharp-libvips-darwin-x64":
      optional: true
  conditions: os=darwin & cpu=x64
  languageName: node
  linkType: hard

"@img/sharp-libvips-darwin-arm64@npm:1.0.4":
  version: 1.0.4
  resolution: "@img/sharp-libvips-darwin-arm64@npm:1.0.4"
  conditions: os=darwin & cpu=arm64
  languageName: node
  linkType: hard

"@img/sharp-libvips-darwin-x64@npm:1.0.4":
  version: 1.0.4
  resolution: "@img/sharp-libvips-darwin-x64@npm:1.0.4"
  conditions: os=darwin & cpu=x64
  languageName: node
  linkType: hard

"@img/sharp-libvips-linux-arm64@npm:1.0.4":
  version: 1.0.4
  resolution: "@img/sharp-libvips-linux-arm64@npm:1.0.4"
  conditions: os=linux & cpu=arm64 & libc=glibc
  languageName: node
  linkType: hard

"@img/sharp-libvips-linux-arm@npm:1.0.5":
  version: 1.0.5
  resolution: "@img/sharp-libvips-linux-arm@npm:1.0.5"
  conditions: os=linux & cpu=arm & libc=glibc
  languageName: node
  linkType: hard

"@img/sharp-libvips-linux-s390x@npm:1.0.4":
  version: 1.0.4
  resolution: "@img/sharp-libvips-linux-s390x@npm:1.0.4"
  conditions: os=linux & cpu=s390x & libc=glibc
  languageName: node
  linkType: hard

"@img/sharp-libvips-linux-x64@npm:1.0.4":
  version: 1.0.4
  resolution: "@img/sharp-libvips-linux-x64@npm:1.0.4"
  conditions: os=linux & cpu=x64 & libc=glibc
  languageName: node
  linkType: hard

"@img/sharp-libvips-linuxmusl-arm64@npm:1.0.4":
  version: 1.0.4
  resolution: "@img/sharp-libvips-linuxmusl-arm64@npm:1.0.4"
  conditions: os=linux & cpu=arm64 & libc=musl
  languageName: node
  linkType: hard

"@img/sharp-libvips-linuxmusl-x64@npm:1.0.4":
  version: 1.0.4
  resolution: "@img/sharp-libvips-linuxmusl-x64@npm:1.0.4"
  conditions: os=linux & cpu=x64 & libc=musl
  languageName: node
  linkType: hard

"@img/sharp-linux-arm64@npm:0.33.5":
  version: 0.33.5
  resolution: "@img/sharp-linux-arm64@npm:0.33.5"
  dependencies:
    "@img/sharp-libvips-linux-arm64": "npm:1.0.4"
  dependenciesMeta:
    "@img/sharp-libvips-linux-arm64":
      optional: true
  conditions: os=linux & cpu=arm64 & libc=glibc
  languageName: node
  linkType: hard

"@img/sharp-linux-arm@npm:0.33.5":
  version: 0.33.5
  resolution: "@img/sharp-linux-arm@npm:0.33.5"
  dependencies:
    "@img/sharp-libvips-linux-arm": "npm:1.0.5"
  dependenciesMeta:
    "@img/sharp-libvips-linux-arm":
      optional: true
  conditions: os=linux & cpu=arm & libc=glibc
  languageName: node
  linkType: hard

"@img/sharp-linux-s390x@npm:0.33.5":
  version: 0.33.5
  resolution: "@img/sharp-linux-s390x@npm:0.33.5"
  dependencies:
    "@img/sharp-libvips-linux-s390x": "npm:1.0.4"
  dependenciesMeta:
    "@img/sharp-libvips-linux-s390x":
      optional: true
  conditions: os=linux & cpu=s390x & libc=glibc
  languageName: node
  linkType: hard

"@img/sharp-linux-x64@npm:0.33.5":
  version: 0.33.5
  resolution: "@img/sharp-linux-x64@npm:0.33.5"
  dependencies:
    "@img/sharp-libvips-linux-x64": "npm:1.0.4"
  dependenciesMeta:
    "@img/sharp-libvips-linux-x64":
      optional: true
  conditions: os=linux & cpu=x64 & libc=glibc
  languageName: node
  linkType: hard

"@img/sharp-linuxmusl-arm64@npm:0.33.5":
  version: 0.33.5
  resolution: "@img/sharp-linuxmusl-arm64@npm:0.33.5"
  dependencies:
    "@img/sharp-libvips-linuxmusl-arm64": "npm:1.0.4"
  dependenciesMeta:
    "@img/sharp-libvips-linuxmusl-arm64":
      optional: true
  conditions: os=linux & cpu=arm64 & libc=musl
  languageName: node
  linkType: hard

"@img/sharp-linuxmusl-x64@npm:0.33.5":
  version: 0.33.5
  resolution: "@img/sharp-linuxmusl-x64@npm:0.33.5"
  dependencies:
    "@img/sharp-libvips-linuxmusl-x64": "npm:1.0.4"
  dependenciesMeta:
    "@img/sharp-libvips-linuxmusl-x64":
      optional: true
  conditions: os=linux & cpu=x64 & libc=musl
  languageName: node
  linkType: hard

"@img/sharp-wasm32@npm:0.33.5":
  version: 0.33.5
  resolution: "@img/sharp-wasm32@npm:0.33.5"
  dependencies:
    "@emnapi/runtime": "npm:^1.2.0"
  conditions: cpu=wasm32
  languageName: node
  linkType: hard

"@img/sharp-win32-ia32@npm:0.33.5":
  version: 0.33.5
  resolution: "@img/sharp-win32-ia32@npm:0.33.5"
  conditions: os=win32 & cpu=ia32
  languageName: node
  linkType: hard

"@img/sharp-win32-x64@npm:0.33.5":
  version: 0.33.5
  resolution: "@img/sharp-win32-x64@npm:0.33.5"
  conditions: os=win32 & cpu=x64
  languageName: node
  linkType: hard

"@next/env@npm:15.0.3":
  version: 15.0.3
  resolution: "@next/env@npm:15.0.3"
  checksum: 10c0/63582fed80d6a28fff102c935095da71fd57ddf6b5f5d564e85ebdefdeb93298f7f7cf7d813c75b460c6627106717ea959b4c232939e7abb97d73d8b8467d4cd
  languageName: node
  linkType: hard

"@next/swc-darwin-arm64@npm:15.0.3":
  version: 15.0.3
  resolution: "@next/swc-darwin-arm64@npm:15.0.3"
  conditions: os=darwin & cpu=arm64
  languageName: node
  linkType: hard

"@next/swc-darwin-x64@npm:15.0.3":
  version: 15.0.3
  resolution: "@next/swc-darwin-x64@npm:15.0.3"
  conditions: os=darwin & cpu=x64
  languageName: node
  linkType: hard

"@next/swc-linux-arm64-gnu@npm:15.0.3":
  version: 15.0.3
  resolution: "@next/swc-linux-arm64-gnu@npm:15.0.3"
  conditions: os=linux & cpu=arm64 & libc=glibc
  languageName: node
  linkType: hard

"@next/swc-linux-arm64-musl@npm:15.0.3":
  version: 15.0.3
  resolution: "@next/swc-linux-arm64-musl@npm:15.0.3"
  conditions: os=linux & cpu=arm64 & libc=musl
  languageName: node
  linkType: hard

"@next/swc-linux-x64-gnu@npm:15.0.3":
  version: 15.0.3
  resolution: "@next/swc-linux-x64-gnu@npm:15.0.3"
  conditions: os=linux & cpu=x64 & libc=glibc
  languageName: node
  linkType: hard

"@next/swc-linux-x64-musl@npm:15.0.3":
  version: 15.0.3
  resolution: "@next/swc-linux-x64-musl@npm:15.0.3"
  conditions: os=linux & cpu=x64 & libc=musl
  languageName: node
  linkType: hard

"@next/swc-win32-arm64-msvc@npm:15.0.3":
  version: 15.0.3
  resolution: "@next/swc-win32-arm64-msvc@npm:15.0.3"
  conditions: os=win32 & cpu=arm64
  languageName: node
  linkType: hard

"@next/swc-win32-x64-msvc@npm:15.0.3":
  version: 15.0.3
  resolution: "@next/swc-win32-x64-msvc@npm:15.0.3"
  conditions: os=win32 & cpu=x64
  languageName: node
  linkType: hard

"@repro/private-lib@npm:1.0.0":
  version: 1.0.0
  resolution: "@repro/private-lib@npm:1.0.0"
  checksum: 10c0/0f641c6ca9fc122d81f52dec18d79d90e46f6a30b5b4f019e2df209cab98e23daa4fbf725cd4e15da267edbf51159b2a0199a25126c3dc9ce4097cadac41961e
  languageName: node
  linkType: hard

"@swc/counter@npm:0.1.3":
  version: 0.1.3
  resolution: "@swc/counter@npm:0.1.3"
  checksum: 10c0/8424f60f6bf8694cfd2a9bca45845bce29f26105cda8cf19cdb9fd3e78dc6338699e4db77a89ae449260bafa1cc6bec307e81e7fb96dbf7dcfce0eea55151356
  languageName: node
  linkType: hard

"@swc/helpers@npm:0.5.13":
  version: 0.5.13
  resolution: "@swc/helpers@npm:0.5.13"
  dependencies:
    tslib: "npm:^2.4.0"
  checksum: 10c0/b9df578401fc62405da9a6c31e79e447a2fd90f68b25b1daee12f2caf2821991bb89106f0397bc1acb4c4d84a8ce079d04b60b65f534496952e3bf8c9a52f40f
  languageName: node
  linkType: hard

"busboy@npm:1.6.0":
  version: 1.6.0
  resolution: "busboy@npm:1.6.0"
  dependencies:
    streamsearch: "npm:^1.1.0"
  checksum: 10c0/fa7e836a2b82699b6e074393428b91ae579d4f9e21f5ac468e1b459a244341d722d2d22d10920cdd849743dbece6dca11d72de939fb75a7448825cf2babfba1f
  languageName: node
  linkType: hard

"caniuse-lite@npm:^1.0.30001579":
  version: 1.0.30001809
  resolution: "caniuse-lite@npm:1.0.30001809"
  checksum: 10c0/cac2ed4e66cc6c4cbf126b94d2c02012566eb92f93c89949290f99edcd2bdc4ed1290b5c537ccb9b42c773936a479ed468e5d4e9b8938b126a0947090e42e008
  languageName: node
  linkType: hard

"client-only@npm:0.0.1":
  version: 0.0.1
  resolution: "client-only@npm:0.0.1"
  checksum: 10c0/9d6cfd0c19e1c96a434605added99dff48482152af791ec4172fb912a71cff9027ff174efd8cdb2160cc7f377543e0537ffc462d4f279bc4701de3f2a3c4b358
  languageName: node
  linkType: hard

"color-convert@npm:^2.0.1":
  version: 2.0.1
  resolution: "color-convert@npm:2.0.1"
  dependencies:
    color-name: "npm:~1.1.4"
  checksum: 10c0/37e1150172f2e311fe1b2df62c6293a342ee7380da7b9cfdba67ea539909afbd74da27033208d01d6d5cfc65ee7868a22e18d7e7648e004425441c0f8a15a7d7
  languageName: node
  linkType: hard

"color-name@npm:^1.0.0, color-name@npm:~1.1.4":
  version: 1.1.4
  resolution: "color-name@npm:1.1.4"
  checksum: 10c0/a1a3f914156960902f46f7f56bc62effc6c94e84b2cae157a526b1c1f74b677a47ec602bf68a61abfa2b42d15b7c5651c6dbe72a43af720bc588dff885b10f95
  languageName: node
  linkType: hard

"color-string@npm:^1.9.0":
  version: 1.9.1
  resolution: "color-string@npm:1.9.1"
  dependencies:
    color-name: "npm:^1.0.0"
    simple-swizzle: "npm:^0.2.2"
  checksum: 10c0/b0bfd74c03b1f837f543898b512f5ea353f71630ccdd0d66f83028d1f0924a7d4272deb278b9aef376cacf1289b522ac3fb175e99895283645a2dc3a33af2404
  languageName: node
  linkType: hard

"color@npm:^4.2.3":
  version: 4.2.3
  resolution: "color@npm:4.2.3"
  dependencies:
    color-convert: "npm:^2.0.1"
    color-string: "npm:^1.9.0"
  checksum: 10c0/7fbe7cfb811054c808349de19fb380252e5e34e61d7d168ec3353e9e9aacb1802674bddc657682e4e9730c2786592a4de6f8283e7e0d3870b829bb0b7b2f6118
  languageName: node
  linkType: hard

"detect-libc@npm:^2.0.3":
  version: 2.1.2
  resolution: "detect-libc@npm:2.1.2"
  checksum: 10c0/acc675c29a5649fa1fb6e255f993b8ee829e510b6b56b0910666949c80c364738833417d0edb5f90e4e46be17228b0f2b66a010513984e18b15deeeac49369c4
  languageName: node
  linkType: hard

"is-arrayish@npm:^0.3.1":
  version: 0.3.4
  resolution: "is-arrayish@npm:0.3.4"
  checksum: 10c0/1fa672a2f0bedb74154440310f616c0b6e53a95cf0625522ae050f06626d1cabd1a3d8085c882dc45c61ad0e7df2529aff122810b3b4a552880bf170d6df94e0
  languageName: node
  linkType: hard

"js-tokens@npm:^3.0.0 || ^4.0.0":
  version: 4.0.0
  resolution: "js-tokens@npm:4.0.0"
  checksum: 10c0/e248708d377aa058eacf2037b07ded847790e6de892bbad3dac0abba2e759cb9f121b00099a65195616badcb6eca8d14d975cb3e89eb1cfda644756402c8aeed
  languageName: node
  linkType: hard

"loose-envify@npm:^1.1.0":
  version: 1.4.0
  resolution: "loose-envify@npm:1.4.0"
  dependencies:
    js-tokens: "npm:^3.0.0 || ^4.0.0"
  bin:
    loose-envify: cli.js
  checksum: 10c0/655d110220983c1a4b9c0c679a2e8016d4b67f6e9c7b5435ff5979ecdb20d0813f4dec0a08674fcbdd4846a3f07edbb50a36811fd37930b94aaa0d9daceb017e
  languageName: node
  linkType: hard

"nanoid@npm:^3.3.6":
  version: 3.3.18
  resolution: "nanoid@npm:3.3.18"
  bin:
    nanoid: bin/nanoid.cjs
  checksum: 10c0/b994b4e396730f8be2520923284e2040d61eaee55cc6d4935ef6d38d34bafdc46133eda4d3faea5073bda545aa6079d82b886caeac5c731cf9ac18bcc1301425
  languageName: node
  linkType: hard

"next@npm:15.0.3":
  version: 15.0.3
  resolution: "next@npm:15.0.3"
  dependencies:
    "@next/env": "npm:15.0.3"
    "@next/swc-darwin-arm64": "npm:15.0.3"
    "@next/swc-darwin-x64": "npm:15.0.3"
    "@next/swc-linux-arm64-gnu": "npm:15.0.3"
    "@next/swc-linux-arm64-musl": "npm:15.0.3"
    "@next/swc-linux-x64-gnu": "npm:15.0.3"
    "@next/swc-linux-x64-musl": "npm:15.0.3"
    "@next/swc-win32-arm64-msvc": "npm:15.0.3"
    "@next/swc-win32-x64-msvc": "npm:15.0.3"
    "@swc/counter": "npm:0.1.3"
    "@swc/helpers": "npm:0.5.13"
    busboy: "npm:1.6.0"
    caniuse-lite: "npm:^1.0.30001579"
    postcss: "npm:8.4.31"
    sharp: "npm:^0.33.5"
    styled-jsx: "npm:5.1.6"
  peerDependencies:
    "@opentelemetry/api": ^1.1.0
    "@playwright/test": ^1.41.2
    babel-plugin-react-compiler: "*"
    react: ^18.2.0 || 19.0.0-rc-66855b96-20241106
    react-dom: ^18.2.0 || 19.0.0-rc-66855b96-20241106
    sass: ^1.3.0
  dependenciesMeta:
    "@next/swc-darwin-arm64":
      optional: true
    "@next/swc-darwin-x64":
      optional: true
    "@next/swc-linux-arm64-gnu":
      optional: true
    "@next/swc-linux-arm64-musl":
      optional: true
    "@next/swc-linux-x64-gnu":
      optional: true
    "@next/swc-linux-x64-musl":
      optional: true
    "@next/swc-win32-arm64-msvc":
      optional: true
    "@next/swc-win32-x64-msvc":
      optional: true
    sharp:
      optional: true
  peerDependenciesMeta:
    "@opentelemetry/api":
      optional: true
    "@playwright/test":
      optional: true
    babel-plugin-react-compiler:
      optional: true
    sass:
      optional: true
  bin:
    next: dist/bin/next
  checksum: 10c0/c5f6a57acb5f29063abc82d4d4417a048d0c2d5216d6ded6aa3fe32d60bb4835ed57dd34e2ef8fdda15579e97205820dc25bf34556b1d942a01a33d9ae7f88db
  languageName: node
  linkType: hard

"picocolors@npm:^1.0.0":
  version: 1.1.1
  resolution: "picocolors@npm:1.1.1"
  checksum: 10c0/e2e3e8170ab9d7c7421969adaa7e1b31434f789afb9b3f115f6b96d91945041ac3ceb02e9ec6fe6510ff036bcc0bf91e69a1772edc0b707e12b19c0f2d6bcf58
  languageName: node
  linkType: hard

"postcss@npm:8.4.31":
  version: 8.4.31
  resolution: "postcss@npm:8.4.31"
  dependencies:
    nanoid: "npm:^3.3.6"
    picocolors: "npm:^1.0.0"
    source-map-js: "npm:^1.0.2"
  checksum: 10c0/748b82e6e5fc34034dcf2ae88ea3d11fd09f69b6c50ecdd3b4a875cfc7cdca435c958b211e2cb52355422ab6fccb7d8f2f2923161d7a1b281029e4a913d59acf
  languageName: node
  linkType: hard

"react-dom@npm:18.3.1":
  version: 18.3.1
  resolution: "react-dom@npm:18.3.1"
  dependencies:
    loose-envify: "npm:^1.1.0"
    scheduler: "npm:^0.23.2"
  peerDependencies:
    react: ^18.3.1
  checksum: 10c0/a752496c1941f958f2e8ac56239172296fcddce1365ce45222d04a1947e0cc5547df3e8447f855a81d6d39f008d7c32eab43db3712077f09e3f67c4874973e85
  languageName: node
  linkType: hard

"react@npm:18.3.1":
  version: 18.3.1
  resolution: "react@npm:18.3.1"
  dependencies:
    loose-envify: "npm:^1.1.0"
  checksum: 10c0/283e8c5efcf37802c9d1ce767f302dd569dd97a70d9bb8c7be79a789b9902451e0d16334b05d73299b20f048cbc3c7d288bbbde10b701fa194e2089c237dbea3
  languageName: node
  linkType: hard

"scheduler@npm:^0.23.2":
  version: 0.23.2
  resolution: "scheduler@npm:0.23.2"
  dependencies:
    loose-envify: "npm:^1.1.0"
  checksum: 10c0/26383305e249651d4c58e6705d5f8425f153211aef95f15161c151f7b8de885f24751b377e4a0b3dd42cce09aad3f87a61dab7636859c0d89b7daf1a1e2a5c78
  languageName: node
  linkType: hard

"semver@npm:^7.6.3":
  version: 7.8.5
  resolution: "semver@npm:7.8.5"
  bin:
    semver: bin/semver.js
  checksum: 10c0/b1f3127a5be8125a94f37188b361c212466c292c6910adce3ec106cff5dc211ccaedc4739c11bb70fda59d6fc1f040a9bca289f4e093451521a2372e5231fe0c
  languageName: node
  linkType: hard

"sharp@npm:^0.33.5":
  version: 0.33.5
  resolution: "sharp@npm:0.33.5"
  dependencies:
    "@img/sharp-darwin-arm64": "npm:0.33.5"
    "@img/sharp-darwin-x64": "npm:0.33.5"
    "@img/sharp-libvips-darwin-arm64": "npm:1.0.4"
    "@img/sharp-libvips-darwin-x64": "npm:1.0.4"
    "@img/sharp-libvips-linux-arm": "npm:1.0.5"
    "@img/sharp-libvips-linux-arm64": "npm:1.0.4"
    "@img/sharp-libvips-linux-s390x": "npm:1.0.4"
    "@img/sharp-libvips-linux-x64": "npm:1.0.4"
    "@img/sharp-libvips-linuxmusl-arm64": "npm:1.0.4"
    "@img/sharp-libvips-linuxmusl-x64": "npm:1.0.4"
    "@img/sharp-linux-arm": "npm:0.33.5"
    "@img/sharp-linux-arm64": "npm:0.33.5"
    "@img/sharp-linux-s390x": "npm:0.33.5"
    "@img/sharp-linux-x64": "npm:0.33.5"
    "@img/sharp-linuxmusl-arm64": "npm:0.33.5"
    "@img/sharp-linuxmusl-x64": "npm:0.33.5"
    "@img/sharp-wasm32": "npm:0.33.5"
    "@img/sharp-win32-ia32": "npm:0.33.5"
    "@img/sharp-win32-x64": "npm:0.33.5"
    color: "npm:^4.2.3"
    detect-libc: "npm:^2.0.3"
    semver: "npm:^7.6.3"
  dependenciesMeta:
    "@img/sharp-darwin-arm64":
      optional: true
    "@img/sharp-darwin-x64":
      optional: true
    "@img/sharp-libvips-darwin-arm64":
      optional: true
    "@img/sharp-libvips-darwin-x64":
      optional: true
    "@img/sharp-libvips-linux-arm":
      optional: true
    "@img/sharp-libvips-linux-arm64":
      optional: true
    "@img/sharp-libvips-linux-s390x":
      optional: true
    "@img/sharp-libvips-linux-x64":
      optional: true
    "@img/sharp-libvips-linuxmusl-arm64":
      optional: true
    "@img/sharp-libvips-linuxmusl-x64":
      optional: true
    "@img/sharp-linux-arm":
      optional: true
    "@img/sharp-linux-arm64":
      optional: true
    "@img/sharp-linux-s390x":
      optional: true
    "@img/sharp-linux-x64":
      optional: true
    "@img/sharp-linuxmusl-arm64":
      optional: true
    "@img/sharp-linuxmusl-x64":
      optional: true
    "@img/sharp-wasm32":
      optional: true
    "@img/sharp-win32-ia32":
      optional: true
    "@img/sharp-win32-x64":
      optional: true
  checksum: 10c0/6b81421ddfe6ee524d8d77e325c5e147fef22884e1c7b1656dfd89a88d7025894115da02d5f984261bf2e6daa16f98cadd1721c4ba408b4212b1d2a60f233484
  languageName: node
  linkType: hard

"simple-swizzle@npm:^0.2.2":
  version: 0.2.4
  resolution: "simple-swizzle@npm:0.2.4"
  dependencies:
    is-arrayish: "npm:^0.3.1"
  checksum: 10c0/846c3fdd1325318d5c71295cfbb99bfc9edc4c8dffdda5e6e9efe30482bbcd32cf360fc2806f46ac43ff7d09bcfaff20337bb79f826f0e6a8e366efd3cdd7868
  languageName: node
  linkType: hard

"source-map-js@npm:^1.0.2":
  version: 1.2.1
  resolution: "source-map-js@npm:1.2.1"
  checksum: 10c0/7bda1fc4c197e3c6ff17de1b8b2c20e60af81b63a52cb32ec5a5d67a20a7d42651e2cb34ebe93833c5a2a084377e17455854fee3e21e7925c64a51b6a52b0faf
  languageName: node
  linkType: hard

"streamsearch@npm:^1.1.0":
  version: 1.1.0
  resolution: "streamsearch@npm:1.1.0"
  checksum: 10c0/fbd9aecc2621364384d157f7e59426f4bfd385e8b424b5aaa79c83a6f5a1c8fd2e4e3289e95de1eb3511cb96bb333d6281a9919fafce760e4edb35b2cd2facab
  languageName: node
  linkType: hard

"styled-jsx@npm:5.1.6":
  version: 5.1.6
  resolution: "styled-jsx@npm:5.1.6"
  dependencies:
    client-only: "npm:0.0.1"
  peerDependencies:
    react: ">= 16.8.0 || 17.x.x || ^18.0.0-0 || ^19.0.0-0"
  peerDependenciesMeta:
    "@babel/core":
      optional: true
    babel-plugin-macros:
      optional: true
  checksum: 10c0/ace50e7ea5ae5ae6a3b65a50994c51fca6ae7df9c7ecfd0104c36be0b4b3a9c5c1a2374d16e2a11e256d0b20be6d47256d768ecb4f91ab390f60752a075780f5
  languageName: node
  linkType: hard

"tslib@npm:^2.4.0":
  version: 2.8.1
  resolution: "tslib@npm:2.8.1"
  checksum: 10c0/9c4759110a19c53f992d9aae23aac5ced636e99887b51b9e61def52611732872ff7668757d4e4c61f19691e36f4da981cd9485e869b4a7408d689f6bf1f14e62
  languageName: node
  linkType: hard

"with-docker-yarnrc-repro@workspace:.":
  version: 0.0.0-use.local
  resolution: "with-docker-yarnrc-repro@workspace:."
  dependencies:
    "@repro/private-lib": "npm:1.0.0"
    next: "npm:15.0.3"
    react: "npm:18.3.1"
    react-dom: "npm:18.3.1"
  languageName: unknown
  linkType: soft
